// !$*UTF8*$!
{
	archiveVersion = 1;
	classes = {
	};
	objectVersion = 46;
	objects = {

/* Begin PBXBuildFile section */
		53B1846F1E024A4F0091BCD1 /* AppDelegate.swift in Sources */ = {isa = PBXBuildFile; fileRef = 53B1846E1E024A4F0091BCD1 /* AppDelegate.swift */; };
		53B184711E024A4F0091BCD1 /* ViewController.swift in Sources */ = {isa = PBXBuildFile; fileRef = 53B184701E024A4F0091BCD1 /* ViewController.swift */; };
		53B184741E024A4F0091BCD1 /* Main.storyboard in Resources */ = {isa = PBXBuildFile; fileRef = 53B184721E024A4F0091BCD1 /* Main.storyboard */; };
		53B184761E024A4F0091BCD1 /* Assets.xcassets in Resources */ = {isa = PBXBuildFile; fileRef = 53B184751E024A4F0091BCD1 /* Assets.xcassets */; };
		53B184791E024A4F0091BCD1 /* LaunchScreen.storyboard in Resources */ = {isa = PBXBuildFile; fileRef = 53B184771E024A4F0091BCD1 /* LaunchScreen.storyboard */; };
/* End PBXBuildFile section */

/* Begin PBXFileReference section */
		53B1846B1E024A4F0091BCD1 /* 24h news.app */ = {isa = PBXFileReference; explicitFileType = wrapper.application; includeInIndex = 0; path = "24h news.app"; sourceTree = BUILT_PRODUCTS_DIR; };
		53B1846E1E024A4F0091BCD1 /* AppDelegate.swift */ = {isa = PBXFileReference; lastKnownFileType = sourcecode.swift; path = AppDelegate.swift; sourceTree = "<group>"; };
		53B184701E024A4F0091BCD1 /* ViewController.swift */ = {isa = PBXFileReference; lastKnownFileType = sourcecode.swift; path = ViewController.swift; sourceTree = "<group>"; };
		53B184731E024A4F0091BCD1 /* Base */ = {isa = PBXFileReference; lastKnownFileType = file.storyboard; name = Base; path = Base.lproj/Main.storyboard; sourceTree = "<group>"; };
		53B184751E024A4F0091BCD1 /* Assets.xcassets */ = {isa = PBXFileReference; lastKnownFileType = folder.assetcatalog; path = Assets.xcassets; sourceTree = "<group>"; };
		53B184781E024A4F0091BCD1 /* Base */ = {isa = PBXFileReference; lastKnownFileType = file.storyboard; name = Base; path = Base.lproj/LaunchScreen.storyboard; sourceTree = "<group>"; };
		53B1847A1E024A4F0091BCD1 /* Info.plist */ = {isa = PBXFileReference; lastKnownFileType = text.plist.xml; path = Info.plist; sourceTree = "<group>"; };
/* End PBXFileReference section */

/* Begin PBXFrameworksBuildPhase section */
		53B184681E024A4F0091BCD1 /* Frameworks */ = {
			isa = PBXFrameworksBuildPhase;
			buildActionMask = 2147483647;
			files = (
			);
			runOnlyForDeploymentPostprocessing = 0;
		};
/* End PBXFrameworksBuildPhase section */

/* Begin PBXGroup section */
		53B184621E024A4F0091BCD1 = {
			isa = PBXGroup;
			children = (
				53B1846D1E024A4F0091BCD1 /* 24h news */,
				53B1846C1E024A4F0091BCD1 /* Products */,
			);
			sourceTree = "<group>";
		};
		53B1846C1E024A4F0091BCD1 /* Products */ = {
			isa = PBXGroup;
			children = (
				53B1846B1E024A4F0091BCD1 /* 24h news.app */,
			);
			name = Products;
			sourceTree = "<group>";
		};
		53B1846D1E024A4F0091BCD1 /* 24h news */ = {
			isa = PBXGroup;
			children = (
				53B1846E1E024A4F0091BCD1 /* AppDelegate.swift */,
				53B184701E024A4F0091BCD1 /* ViewController.swift */,
				53B184721E024A4F0091BCD1 /* Main.storyboard */,
				53B184751E024A4F0091BCD1 /* Assets.xcassets */,
				53B184771E024A4F0091BCD1 /* LaunchScreen.storyboard */,
				53B1847A1E024A4F0091BCD1 /* Info.plist */,
			);
			path = "24h news";
			sourceTree = "<group>";
		};
/* End PBXGroup section */

/* Begin PBXNativeTarget section */
		53B1846A1E024A4F0091BCD1 /* 24h news */ = {
			isa = PBXNativeTarget;
			buildConfigurationList = 53B1847D1E024A4F0091BCD1 /* Build configuration list for PBXNativeTarget "24h news" */;
			buildPhases = (
				53B184671E024A4F0091BCD1 /* Sources */,
				53B184681E024A4F0091BCD1 /* Frameworks */,
				53B184691E024A4F0091BCD1 /* Resources */,
			);
			buildRules = (
			);
			dependencies = (
			);
			name = "24h news";
			productName = "24h news";
			productReference = 53B1846B1E024A4F0091BCD1 /* 24h news.app */;
			productType = "com.apple.product-type.application";
		};
/* End PBXNativeTarget section */

/* Begin PBXProject section */
		53B184631E024A4F0091BCD1 /* Project object */ = {
			isa = PBXProject;
			attributes = {
				LastSwiftUpdateCheck = 0730;
				LastUpgradeCheck = 0730;
				ORGANIZATIONNAME = "Ha Viet Duc";
				TargetAttributes = {
					53B1846A1E024A4F0091BCD1 = {
						CreatedOnToolsVersion = 7.3.1;
					};
				};
			};
			buildConfigurationList = 53B184661E024A4F0091BCD1 /* Build configuration list for PBXProject "24h news" */;
			compatibilityVersion = "Xcode 3.2";
			developmentRegion = English;
			hasScannedForEncodings = 0;
			knownRegions = (
				en,
				Base,
			);
			mainGroup = 53B184621E024A4F0091BCD1;
			productRefGroup = 53B1846C1E024A4F0091BCD1 /* Products */;
			projectDirPath = "";
			projectRoot = "";
			targets = (
				53B1846A1E024A4F0091BCD1 /* 24h news */,
			);
		};
/* End PBXProject section */

/* Begin PBXResourcesBuildPhase section */
		53B184691E024A4F0091BCD1 /* Resources */ = {
			isa = PBXResourcesBuildPhase;
			buildActionMask = 2147483647;
			files = (
				53B184791E024A4F0091BCD1 /* LaunchScreen.storyboard in Resources */,
				53B184761E024A4F0091BCD1 /* Assets.xcassets in Resources */,
				53B184741E024A4F0091BCD1 /* Main.storyboard in Resources */,
			);
			runOnlyForDeploymentPostprocessing = 0;
		};
/* End PBXResourcesBuildPhase section */

/* Begin PBXSourcesBuildPhase section */
		53B184671E024A4F0091BCD1 /* Sources */ = {
			isa = PBXSourcesBuildPhase;
			buildActionMask = 2147483647;
			files = (
				53B184711E024A4F0091BCD1 /* ViewController.swift in Sources */,
				53B1846F1E024A4F0091BCD1 /* AppDelegate.swift in Sources */,
			);
			runOnlyForDeploymentPostprocessing = 0;
		};
/* End PBXSourcesBuildPhase section */

/* Begin PBXVariantGroup section */
		53B184721E024A4F0091BCD1 /* Main.storyboard */ = {
			isa = PBXVariantGroup;
			children = (
				53B184731E024A4F0091BCD1 /* Base */,
			);
			name = Main.storyboard;
			sourceTree = "<group>";
		};
		53B184771E024A4F0091BCD1 /* LaunchScreen.storyboard */ = {
			isa = PBXVariantGroup;
			children = (
				53B184781E024A4F0091BCD1 /* Base */,
			);
			name = LaunchScreen.storyboard;
			sourceTree = "<group>";
		};
/* End PBXVariantGroup section */

/* Begin XCBuildConfiguration section */
		53B1847B1E024A4F0091BCD1 /* Debug */ = {
			isa = XCBuildConfiguration;
			buildSettings = {
				ALWAYS_SEARCH_USER_PATHS = NO;
				CLANG_ANALYZER_NONNULL = YES;
				CLANG_CXX_LANGUAGE_STANDARD = "gnu++0x";
				CLANG_CXX_LIBRARY = "libc++";
				CLANG_ENABLE_MODULES = YES;
				CLANG_ENABLE_OBJC_ARC = YES;
				CLANG_WARN_BOOL_CONVERSION = YES;
				CLANG_WARN_CONSTANT_CONVERSION = YES;
				CLANG_WARN_DIRECT_OBJC_ISA_USAGE = YES_ERROR;
				CLANG_WARN_EMPTY_BODY = YES;
				CLANG_WARN_ENUM_CONVERSION = YES;
				CLANG_WARN_INT_CONVERSION = YES;
				CLANG_WARN_OBJC_ROOT_CLASS = YES_ERROR;
				CLANG_WARN_UNREACHABLE_CODE = YES;
				CLANG_WARN__DUPLICATE_METHOD_MATCH = YES;
				"CODE_SIGN_IDENTITY[sdk=iphoneos*]" = "iPhone Developer";
				COPY_PHASE_STRIP = NO;
				DEBUG_INFORMATION_FORMAT = dwarf;
				ENABLE_STRICT_OBJC_MSGSEND = YES;
				ENABLE_TESTABILITY = YES;
				GCC_C_LANGUAGE_STANDARD = gnu99;
				GCC_DYNAMIC_NO_PIC = NO;
				GCC_NO_COMMON_BLOCKS = YES;
				GCC_OPTIMIZATION_LEVEL = 0;
				GCC_PREPROCESSOR_DEFINITIONS = (
					"DEBUG=1",
					"$(inherited)",
				);
				GCC_WARN_64_TO_32_BIT_CONVERSION = YES;
				GCC_WARN_ABOUT_RETURN_TYPE = YES_ERROR;
				GCC_WARN_UNDECLARED_SELECTOR = YES;
				GCC_WARN_UNINITIALIZED_AUTOS = YES_AGGRESSIVE;
				GCC_WARN_UNUSED_FUNCTION = YES;
				GCC_WARN_UNUSED_VARIABLE = YES;
				IPHONEOS_DEPLOYMENT_TARGET = 9.3;
				MTL_ENABLE_DEBUG_INFO = YES;
				ONLY_ACTIVE_ARCH = YES;
				SDKROOT = iphoneos;
				SWIFT_OPTIMIZATION_LEVEL = "-Onone";
			};
			name = Debug;
		};
		53B1847C1E024A4F0091BCD1 /* Release */ = {
			isa = XCBuildConfiguration;
			buildSettings = {
				ALWAYS_SEARCH_USER_PATHS = NO;
				CLANG_ANALYZER_NONNULL = YES;
				CLANG_CXX_LANGUAGE_STANDARD = "gnu++0x";
				CLANG_CXX_LIBRARY = "libc++";
				CLANG_ENABLE_MODULES = YES;
				CLANG_ENABLE_OBJC_ARC = YES;
				CLANG_WARN_BOOL_CONVERSION = YES;
				CLANG_WARN_CONSTANT_CONVERSION = YES;
				CLANG_WARN_DIRECT_OBJC_ISA_USAGE = YES_ERROR;
				CLANG_WARN_EMPTY_BODY = YES;
				CLANG_WARN_ENUM_CONVERSION = YES;
				CLANG_WARN_INT_CONVERSION = YES;
				CLANG_WARN_OBJC_ROOT_CLASS = YES_ERROR;
				CLANG_WARN_UNREACHABLE_CODE = YES;
				CLANG_WARN__DUPLICATE_METHOD_MATCH = YES;
				"CODE_SIGN_IDENTITY[sdk=iphoneos*]" = "iPhone Developer";
				COPY_PHASE_STRIP = NO;
				DEBUG_INFORMATION_FORMAT = "dwarf-with-dsym";
				ENABLE_NS_ASSERTIONS = NO;
				ENABLE_STRICT_OBJC_MSGSEND = YES;
				GCC_C_LANGUAGE_STANDARD = gnu99;
				GCC_NO_COMMON_BLOCKS = YES;
				GCC_WARN_64_TO_32_BIT_CONVERSION = YES;
				GCC_WARN_ABOUT_RETURN_TYPE = YES_ERROR;
				GCC_WARN_UNDECLARED_SELECTOR = YES;
				GCC_WARN_UNINITIALIZED_AUTOS = YES_AGGRESSIVE;
				GCC_WARN_UNUSED_FUNCTION = YES;
				GCC_WARN_UNUSED_VARIABLE = YES;
				IPHONEOS_DEPLOYMENT_TARGET = 9.3;
				MTL_ENABLE_DEBUG_INFO = NO;
				SDKROOT = iphoneos;
				VALIDATE_PRODUCT = YES;
			};
			name = Release;
		};
		53B1847E1E024A4F0091BCD1 /* Debug */ = {
			isa = XCBuildConfiguration;
			buildSettings = {
				ASSETCATALOG_COMPILER_APPICON_NAME = AppIcon;
				INFOPLIST_FILE = "24h news/Info.plist";
				IPHONEOS_DEPLOYMENT_TARGET = 9.2;
				LD_RUNPATH_SEARCH_PATHS = "$(inherited) @executable_path/Frameworks";
				PRODUCT_BUNDLE_IDENTIFIER = "com.duchaviet.-4h-news";
				PRODUCT_NAME = "$(TARGET_NAME)";
			};
			name = Debug;
		};
		53B1847F1E024A4F0091BCD1 /* Release */ = {
			isa = XCBuildConfiguration;
			buildSettings = {
				ASSETCATALOG_COMPILER_APPICON_NAME = AppIcon;
				INFOPLIST_FILE = "24h news/Info.plist";
				IPHONEOS_DEPLOYMENT_TARGET = 9.2;
				LD_RUNPATH_SEARCH_PATHS = "$(inherited) @executable_path/Frameworks";
				PRODUCT_BUNDLE_IDENTIFIER = "com.duchaviet.-4h-news";
				PRODUCT_NAME = "$(TARGET_NAME)";
			};
			name = Release;
		};
/* End XCBuildConfiguration section */

/* Begin XCConfigurationList section */
		53B184661E024A4F0091BCD1 /* Build configuration list for PBXProject "24h news" */ = {
			isa = XCConfigurationList;
			buildConfigurations = (
				53B1847B1E024A4F0091BCD1 /* Debug */,
				53B1847C1E024A4F0091BCD1 /* Release */,
			);
			defaultConfigurationIsVisible = 0;
			defaultConfigurationName = Release;
		};
		53B1847D1E024A4F0091BCD1 /* Build configuration list for PBXNativeTarget "24h news" */ = {
			isa = XCConfigurationList;
			buildConfigurations = (
				53B1847E1E024A4F0091BCD1 /* Debug */,
				53B1847F1E024A4F0091BCD1 /* Release */,
			);
			defaultConfigurationIsVisible = 0;
		};
/* End XCConfigurationList section */
	};
	rootObject = 53B184631E024A4F0091BCD1 /* Project object */;
}
